{
  "name": "golf-handicap-system",
  "version": "0.1.0",
  "lockfileVersion": 3,
  "requires": true,
  "packages": {
    "": {
      "name": "golf-handicap-system",
      "version": "0.1.0",
      "workspaces": [
        "apps/*",
        "packages/*"
      ],
      "engines": {
        "node": ">=20 <21"
      }
    },
    "apps/api": {
      "name": "@ghs/api",
      "version": "0.1.0"
    },
    "apps/web": {
      "name": "@ghs/web",
      "version": "0.1.0"
    },
    "apps/worker": {
      "name": "@ghs/worker",
      "version": "0.1.0"
    },
    "node_modules/@ghs/api": {
      "resolved": "apps/api",
      "link": true
    },
    "node_modules/@ghs/web": {
      "resolved": "apps/web",
      "link": true
    },
    "node_modules/@ghs/worker": {
      "resolved": "apps/worker",
      "link": true
    }
  }
}
